// !$*UTF8*$!
{
	archiveVersion = 1;
	classes = {
	};
	objectVersion = 46;
	objects = {

/* Begin PBXBuildFile section */
		66D4870E1BC114CA009F2E52 /* AppDelegate.swift in Sources */ = {isa = PBXBuildFile; fileRef = 66D4870D1BC114CA009F2E52 /* AppDelegate.swift */; };
		66D487101BC114CA009F2E52 /* ViewController.swift in Sources */ = {isa = PBXBuildFile; fileRef = 66D4870F1BC114CA009F2E52 /* ViewController.swift */; };
		66D487131BC114CA009F2E52 /* Main.storyboard in Resources */ = {isa = PBXBuildFile; fileRef = 66D487111BC114CA009F2E52 /* Main.storyboard */; };
		66D487151BC114CB009F2E52 /* Assets.xcassets in Resources */ = {isa = PBXBuildFile; fileRef = 66D487141BC114CB009F2E52 /* Assets.xcassets */; };
		66D487181BC114CB009F2E52 /* LaunchScreen.storyboard in Resources */ = {isa = PBXBuildFile; fileRef = 66D487161BC114CB009F2E52 /* LaunchScreen.storyboard */; };
		66D487201BC11518009F2E52 /* AsymmetricCryptoManager.swift in Sources */ = {isa = PBXBuildFile; fileRef = 66D4871F1BC11518009F2E52 /* AsymmetricCryptoManager.swift */; };
		66D487251BC12828009F2E52 /* UIViewController+Alerts.swift in Sources */ = {isa = PBXBuildFile; fileRef = 66D487241BC12828009F2E52 /* UIViewController+Alerts.swift */; };
/* End PBXBuildFile section */

/* Begin PBXFileReference section */
		661EE2F11DAA9D6500A8BEFB /* AsymmetricCrypto.entitlements */ = {isa = PBXFileReference; lastKnownFileType = text.plist.entitlements; path = AsymmetricCrypto.entitlements; sourceTree = "<group>"; };
		66D4870A1BC114CA009F2E52 /* AsymmetricCrypto.app */ = {isa = PBXFileReference; explicitFileType = wrapper.application; includeInIndex = 0; path = AsymmetricCrypto.app; sourceTree = BUILT_PRODUCTS_DIR; };
		66D4870D1BC114CA009F2E52 /* AppDelegate.swift */ = {isa = PBXFileReference; lastKnownFileType = sourcecode.swift; path = AppDelegate.swift; sourceTree = "<group>"; };
		66D4870F1BC114CA009F2E52 /* ViewController.swift */ = {isa = PBXFileReference; lastKnownFileType = sourcecode.swift; path = ViewController.swift; sourceTree = "<group>"; };
		66D487121BC114CA009F2E52 /* Base */ = {isa = PBXFileReference; lastKnownFileType = file.storyboard; name = Base; path = Base.lproj/Main.storyboard; sourceTree = "<group>"; };
		66D487141BC114CB009F2E52 /* Assets.xcassets */ = {isa = PBXFileReference; lastKnownFileType = folder.assetcatalog; path = Assets.xcassets; sourceTree = "<group>"; };
		66D487171BC114CB009F2E52 /* Base */ = {isa = PBXFileReference; lastKnownFileType = file.storyboard; name = Base; path = Base.lproj/LaunchScreen.storyboard; sourceTree = "<group>"; };
		66D487191BC114CB009F2E52 /* Info.plist */ = {isa = PBXFileReference; lastKnownFileType = text.plist.xml; path = Info.plist; sourceTree = "<group>"; };
		66D4871F1BC11518009F2E52 /* AsymmetricCryptoManager.swift */ = {isa = PBXFileReference; fileEncoding = 4; lastKnownFileType = sourcecode.swift; path = AsymmetricCryptoManager.swift; sourceTree = "<group>"; };
		66D487211BC121A0009F2E52 /* AsymmetricCrypto-Bridging-Header.h */ = {isa = PBXFileReference; lastKnownFileType = sourcecode.c.h; path = "AsymmetricCrypto-Bridging-Header.h"; sourceTree = "<group>"; };
		66D487241BC12828009F2E52 /* UIViewController+Alerts.swift */ = {isa = PBXFileReference; fileEncoding = 4; lastKnownFileType = sourcecode.swift; path = "UIViewController+Alerts.swift"; sourceTree = "<group>"; };
/* End PBXFileReference section */

/* Begin PBXFrameworksBuildPhase section */
		66D487071BC114CA009F2E52 /* Frameworks */ = {
			isa = PBXFrameworksBuildPhase;
			buildActionMask = 2147483647;
			files = (
			);
			runOnlyForDeploymentPostprocessing = 0;
		};
/* End PBXFrameworksBuildPhase section */

/* Begin PBXGroup section */
		66D487011BC114CA009F2E52 = {
			isa = PBXGroup;
			children = (
				66D4870C1BC114CA009F2E52 /* AsymmetricCrypto */,
				66D4870B1BC114CA009F2E52 /* Products */,
			);
			sourceTree = "<group>";
		};
		66D4870B1BC114CA009F2E52 /* Products */ = {
			isa = PBXGroup;
			children = (
				66D4870A1BC114CA009F2E52 /* AsymmetricCrypto.app */,
			);
			name = Products;
			sourceTree = "<group>";
		};
		66D4870C1BC114CA009F2E52 /* AsymmetricCrypto */ = {
			isa = PBXGroup;
			children = (
				661EE2F11DAA9D6500A8BEFB /* AsymmetricCrypto.entitlements */,
				66D4870D1BC114CA009F2E52 /* AppDelegate.swift */,
				66D487241BC12828009F2E52 /* UIViewController+Alerts.swift */,
				66D4870F1BC114CA009F2E52 /* ViewController.swift */,
				66D487111BC114CA009F2E52 /* Main.storyboard */,
				66D487141BC114CB009F2E52 /* Assets.xcassets */,
				66D487161BC114CB009F2E52 /* LaunchScreen.storyboard */,
				66D487191BC114CB009F2E52 /* Info.plist */,
				66D4871F1BC11518009F2E52 /* AsymmetricCryptoManager.swift */,
				66D487211BC121A0009F2E52 /* AsymmetricCrypto-Bridging-Header.h */,
			);
			path = AsymmetricCrypto;
			sourceTree = "<group>";
		};
/* End PBXGroup section */

/* Begin PBXNativeTarget section */
		66D487091BC114CA009F2E52 /* AsymmetricCrypto */ = {
			isa = PBXNativeTarget;
			buildConfigurationList = 66D4871C1BC114CB009F2E52 /* Build configuration list for PBXNativeTarget "AsymmetricCrypto" */;
			buildPhases = (
				66D487061BC114CA009F2E52 /* Sources */,
				66D487071BC114CA009F2E52 /* Frameworks */,
				66D487081BC114CA009F2E52 /* Resources */,
			);
			buildRules = (
			);
			dependencies = (
			);
			name = AsymmetricCrypto;
			productName = AsymmetricCrypto;
			productReference = 66D4870A1BC114CA009F2E52 /* AsymmetricCrypto.app */;
			productType = "com.apple.product-type.application";
		};
/* End PBXNativeTarget section */

/* Begin PBXProject section */
		66D487021BC114CA009F2E52 /* Project object */ = {
			isa = PBXProject;
			attributes = {
				LastSwiftUpdateCheck = 0700;
				LastUpgradeCheck = 0800;
				ORGANIZATIONNAME = "Ignacio Nieto Carvajal";
				TargetAttributes = {
					66D487091BC114CA009F2E52 = {
						CreatedOnToolsVersion = 7.0.1;
						DevelopmentTeam = 97P9DZHP78;
						LastSwiftMigration = 0800;
						SystemCapabilities = {
							com.apple.Keychain = {
								enabled = 1;
							};
						};
					};
				};
			};
			buildConfigurationList = 66D487051BC114CA009F2E52 /* Build configuration list for PBXProject "AsymmetricCrypto" */;
			compatibilityVersion = "Xcode 3.2";
			developmentRegion = English;
			hasScannedForEncodings = 0;
			knownRegions = (
				en,
				Base,
			);
			mainGroup = 66D487011BC114CA009F2E52;
			productRefGroup = 66D4870B1BC114CA009F2E52 /* Products */;
			projectDirPath = "";
			projectRoot = "";
			targets = (
				66D487091BC114CA009F2E52 /* AsymmetricCrypto */,
			);
		};
/* End PBXProject section */

/* Begin PBXResourcesBuildPhase section */
		66D487081BC114CA009F2E52 /* Resources */ = {
			isa = PBXResourcesBuildPhase;
			buildActionMask = 2147483647;
			files = (
				66D487181BC114CB009F2E52 /* LaunchScreen.storyboard in Resources */,
				66D487151BC114CB009F2E52 /* Assets.xcassets in Resources */,
				66D487131BC114CA009F2E52 /* Main.storyboard in Resources */,
			);
			runOnlyForDeploymentPostprocessing = 0;
		};
/* End PBXResourcesBuildPhase section */

/* Begin PBXSourcesBuildPhase section */
		66D487061BC114CA009F2E52 /* Sources */ = {
			isa = PBXSourcesBuildPhase;
			buildActionMask = 2147483647;
			files = (
				66D487101BC114CA009F2E52 /* ViewController.swift in Sources */,
				66D4870E1BC114CA009F2E52 /* AppDelegate.swift in Sources */,
				66D487201BC11518009F2E52 /* AsymmetricCryptoManager.swift in Sources */,
				66D487251BC12828009F2E52 /* UIViewController+Alerts.swift in Sources */,
			);
			runOnlyForDeploymentPostprocessing = 0;
		};
/* End PBXSourcesBuildPhase section */

/* Begin PBXVariantGroup section */
		66D487111BC114CA009F2E52 /* Main.storyboard */ = {
			isa = PBXVariantGroup;
			children = (
				66D487121BC114CA009F2E52 /* Base */,
			);
			name = Main.storyboard;
			sourceTree = "<group>";
		};
		66D487161BC114CB009F2E52 /* LaunchScreen.storyboard */ = {
			isa = PBXVariantGroup;
			children = (
				66D487171BC114CB009F2E52 /* Base */,
			);
			name = LaunchScreen.storyboard;
			sourceTree = "<group>";
		};
/* End PBXVariantGroup section */

/* Begin XCBuildConfiguration section */
		66D4871A1BC114CB009F2E52 /* Debug */ = {
			isa = XCBuildConfiguration;
			buildSettings = {
				ALWAYS_SEARCH_USER_PATHS = NO;
				CLANG_CXX_LANGUAGE_STANDARD = "gnu++0x";
				CLANG_CXX_LIBRARY = "libc++";
				CLANG_ENABLE_MODULES = YES;
				CLANG_ENABLE_OBJC_ARC = YES;
				CLANG_WARN_BOOL_CONVERSION = YES;
				CLANG_WARN_CONSTANT_CONVERSION = YES;
				CLANG_WARN_DIRECT_OBJC_ISA_USAGE = YES_ERROR;
				CLANG_WARN_EMPTY_BODY = YES;
				CLANG_WARN_ENUM_CONVERSION = YES;
				CLANG_WARN_INFINITE_RECURSION = YES;
				CLANG_WARN_INT_CONVERSION = YES;
				CLANG_WARN_OBJC_ROOT_CLASS = YES_ERROR;
				CLANG_WARN_SUSPICIOUS_MOVE = YES;
				CLANG_WARN_UNREACHABLE_CODE = YES;
				CLANG_WARN__DUPLICATE_METHOD_MATCH = YES;
				"CODE_SIGN_IDENTITY[sdk=iphoneos*]" = "iPhone Developer";
				COPY_PHASE_STRIP = NO;
				DEBUG_INFORMATION_FORMAT = dwarf;
				ENABLE_STRICT_OBJC_MSGSEND = YES;
				ENABLE_TESTABILITY = YES;
				GCC_C_LANGUAGE_STANDARD = gnu99;
				GCC_DYNAMIC_NO_PIC = NO;
				GCC_NO_COMMON_BLOCKS = YES;
				GCC_OPTIMIZATION_LEVEL = 0;
				GCC_PREPROCESSOR_DEFINITIONS = (
					"DEBUG=1",
					"$(inherited)",
				);
				GCC_WARN_64_TO_32_BIT_CONVERSION = YES;
				GCC_WARN_ABOUT_RETURN_TYPE = YES_ERROR;
				GCC_WARN_UNDECLARED_SELECTOR = YES;
				GCC_WARN_UNINITIALIZED_AUTOS = YES_AGGRESSIVE;
				GCC_WARN_UNUSED_FUNCTION = YES;
				GCC_WARN_UNUSED_VARIABLE = YES;
				IPHONEOS_DEPLOYMENT_TARGET = 9.0;
				MTL_ENABLE_DEBUG_INFO = YES;
				ONLY_ACTIVE_ARCH = YES;
				SDKROOT = iphoneos;
				SWIFT_OPTIMIZATION_LEVEL = "-Onone";
			};
			name = Debug;
		};
		66D4871B1BC114CB009F2E52 /* Release */ = {
			isa = XCBuildConfiguration;
			buildSettings = {
				ALWAYS_SEARCH_USER_PATHS = NO;
				CLANG_CXX_LANGUAGE_STANDARD = "gnu++0x";
				CLANG_CXX_LIBRARY = "libc++";
				CLANG_ENABLE_MODULES = YES;
				CLANG_ENABLE_OBJC_ARC = YES;
				CLANG_WARN_BOOL_CONVERSION = YES;
				CLANG_WARN_CONSTANT_CONVERSION = YES;
				CLANG_WARN_DIRECT_OBJC_ISA_USAGE = YES_ERROR;
				CLANG_WARN_EMPTY_BODY = YES;
				CLANG_WARN_ENUM_CONVERSION = YES;
				CLANG_WARN_INFINITE_RECURSION = YES;
				CLANG_WARN_INT_CONVERSION = YES;
				CLANG_WARN_OBJC_ROOT_CLASS = YES_ERROR;
				CLANG_WARN_SUSPICIOUS_MOVE = YES;
				CLANG_WARN_UNREACHABLE_CODE = YES;
				CLANG_WARN__DUPLICATE_METHOD_MATCH = YES;
				"CODE_SIGN_IDENTITY[sdk=iphoneos*]" = "iPhone Developer";
				COPY_PHASE_STRIP = NO;
				DEBUG_INFORMATION_FORMAT = "dwarf-with-dsym";
				ENABLE_NS_ASSERTIONS = NO;
				ENABLE_STRICT_OBJC_MSGSEND = YES;
				GCC_C_LANGUAGE_STANDARD = gnu99;
				GCC_NO_COMMON_BLOCKS = YES;
				GCC_WARN_64_TO_32_BIT_CONVERSION = YES;
				GCC_WARN_ABOUT_RETURN_TYPE = YES_ERROR;
				GCC_WARN_UNDECLARED_SELECTOR = YES;
				GCC_WARN_UNINITIALIZED_AUTOS = YES_AGGRESSIVE;
				GCC_WARN_UNUSED_FUNCTION = YES;
				GCC_WARN_UNUSED_VARIABLE = YES;
				IPHONEOS_DEPLOYMENT_TARGET = 9.0;
				MTL_ENABLE_DEBUG_INFO = NO;
				SDKROOT = iphoneos;
				SWIFT_OPTIMIZATION_LEVEL = "-Owholemodule";
				VALIDATE_PRODUCT = YES;
			};
			name = Release;
		};
		66D4871D1BC114CB009F2E52 /* Debug */ = {
			isa = XCBuildConfiguration;
			buildSettings = {
				ASSETCATALOG_COMPILER_APPICON_NAME = AppIcon;
				CLANG_ENABLE_MODULES = YES;
				CODE_SIGN_ENTITLEMENTS = AsymmetricCrypto/AsymmetricCrypto.entitlements;
				DEVELOPMENT_TEAM = 97P9DZHP78;
				INFOPLIST_FILE = AsymmetricCrypto/Info.plist;
				LD_RUNPATH_SEARCH_PATHS = "$(inherited) @executable_path/Frameworks";
				PRODUCT_BUNDLE_IDENTIFIER = "com.Ignacio-Nieto-Carvajal.AsymmetricCrypto";
				PRODUCT_NAME = "$(TARGET_NAME)";
				SWIFT_OBJC_BRIDGING_HEADER = "AsymmetricCrypto/AsymmetricCrypto-Bridging-Header.h";
				SWIFT_OPTIMIZATION_LEVEL = "-Onone";
				SWIFT_VERSION = 3.0;
			};
			name = Debug;
		};
		66D4871E1BC114CB009F2E52 /* Release */ = {
			isa = XCBuildConfiguration;
			buildSettings = {
				ASSETCATALOG_COMPILER_APPICON_NAME = AppIcon;
				CLANG_ENABLE_MODULES = YES;
				CODE_SIGN_ENTITLEMENTS = AsymmetricCrypto/AsymmetricCrypto.entitlements;
				DEVELOPMENT_TEAM = 97P9DZHP78;
				INFOPLIST_FILE = AsymmetricCrypto/Info.plist;
				LD_RUNPATH_SEARCH_PATHS = "$(inherited) @executable_path/Frameworks";
				PRODUCT_BUNDLE_IDENTIFIER = "com.Ignacio-Nieto-Carvajal.AsymmetricCrypto";
				PRODUCT_NAME = "$(TARGET_NAME)";
				SWIFT_OBJC_BRIDGING_HEADER = "AsymmetricCrypto/AsymmetricCrypto-Bridging-Header.h";
				SWIFT_VERSION = 3.0;
			};
			name = Release;
		};
/* End XCBuildConfiguration section */

/* Begin XCConfigurationList section */
		66D487051BC114CA009F2E52 /* Build configuration list for PBXProject "AsymmetricCrypto" */ = {
			isa = XCConfigurationList;
			buildConfigurations = (
				66D4871A1BC114CB009F2E52 /* Debug */,
				66D4871B1BC114CB009F2E52 /* Release */,
			);
			defaultConfigurationIsVisible = 0;
			defaultConfigurationName = Release;
		};
		66D4871C1BC114CB009F2E52 /* Build configuration list for PBXNativeTarget "AsymmetricCrypto" */ = {
			isa = XCConfigurationList;
			buildConfigurations = (
				66D4871D1BC114CB009F2E52 /* Debug */,
				66D4871E1BC114CB009F2E52 /* Release */,
			);
			defaultConfigurationIsVisible = 0;
			defaultConfigurationName = Release;
		};
/* End XCConfigurationList section */
	};
	rootObject = 66D487021BC114CA009F2E52 /* Project object */;
}
